
Microsoft Visual Studio Solution File, Format Version 12.00
# Visual Studio Version 16
VisualStudioVersion = 16.0.33027.164
MinimumVisualStudioVersion = 10.0.40219.1
Project("{FAE04EC0-301F-11D3-BF4B-00C04F79EFBC}") = "naval", "naval\naval.csproj", "{69F6C103-690D-4A0F-85A5-ED5247FB34F4}"
EndProject
Global
	GlobalSection(SolutionConfigurationPlatforms) = preSolution
		Debug|Any CPU = Debug|Any CPU
		Release|Any CPU = Release|Any CPU
	EndGlobalSection
	GlobalSection(ProjectConfigurationPlatforms) = postSolution
		{69F6C103-690D-4A0F-85A5-ED5247FB34F4}.Debug|Any CPU.ActiveCfg = Debug|Any CPU
		{69F6C103-690D-4A0F-85A5-ED5247FB34F4}.Debug|Any CPU.Build.0 = Debug|Any CPU
		{69F6C103-690D-4A0F-85A5-ED5247FB34F4}.Release|Any CPU.ActiveCfg = Release|Any CPU
		{69F6C103-690D-4A0F-85A5-ED5247FB34F4}.Release|Any CPU.Build.0 = Release|Any CPU
	EndGlobalSection
	GlobalSection(SolutionProperties) = preSolution
		HideSolutionNode = FALSE
	EndGlobalSection
	GlobalSection(ExtensibilityGlobals) = postSolution
		SolutionGuid = {CEA0F14E-4503-4DF4-A187-EBDA6422FEC1}
	EndGlobalSection
EndGlobal
